PODS:
  - Flutter (1.0.0)
  - MobilePay-AppSwitch-SDK (1.8.1)
  - mobilepay_appswitch (0.8.1):
    - Flutter
    - MobilePay-AppSwitch-SDK

DEPENDENCIES:
  - Flutter (from `.symlinks/flutter/ios`)
  - mobilepay_appswitch (from `.symlinks/plugins/mobilepay_appswitch/ios`)

SPEC REPOS:
  https://github.com/cocoapods/specs.git:
    - MobilePay-AppSwitch-SDK

EXTERNAL SOURCES:
  Flutter:
    :path: ".symlinks/flutter/ios"
  mobilepay_appswitch:
    :path: ".symlinks/plugins/mobilepay_appswitch/ios"

SPEC CHECKSUMS:
  Flutter: 9d0fac939486c9aba2809b7982dfdbb47a7b0296
  MobilePay-AppSwitch-SDK: 6ed36faad59e4cdd1bc8f8fde8f4a9f2d1e4cb2c
  mobilepay_appswitch: 35084b138f380e9466a98bf895c9c6d1d452ea76

PODFILE CHECKSUM: 348e15598a1c6ea25d3ed63919d5ffb9bd1c2ba6

COCOAPODS: 1.5.3
